{
  "nodes": {
    "corepkgs": {
      "inputs": {
        "lib": "lib",
        "nixpkgs": "nixpkgs",
        "systems": "systems",
        "treefmt-nix": "treefmt-nix"
      },
      "locked": {
        "lastModified": 1785786744,
        "narHash": "sha256-e3jJkkvh2Ig0FMJWuv+lJTIpH8XJ7mKO6Paoghzkt8k=",
        "owner": "ekala-project",
        "repo": "corepkgs",
        "rev": "e9786c3ac4681d01964d4a1b1d9268eeeea256a6",
        "type": "github"
      },
      "original": {
        "owner": "ekala-project",
        "repo": "corepkgs",
        "type": "github"
      }
    },
    "cuda": {
      "flake": false,
      "locked": {
        "lastModified": 1785456825,
        "narHash": "sha256-jlCNiGUGY3ykXkp/IpEz9jHDaQipN8nkBWPf7Rwl2oM=",
        "owner": "ekala-project",
        "repo": "cuda-pkgs",
        "rev": "bbd431732bbd86645f8cb8edf0fe2441ecabd89a",
        "type": "github"
      },
      "original": {
        "owner": "ekala-project",
        "repo": "cuda-pkgs",
        "type": "github"
      }
    },
    "haskell": {
      "flake": false,
      "locked": {
        "lastModified": 1785906674,
        "narHash": "sha256-B6iWaZhoBEttyNTtPtIsWaQw2M7MvgXIY6B8KXUrTFg=",
        "owner": "ekala-project",
        "repo": "haskell-pkgs",
        "rev": "425150dfed510920286c2c6032f6a262540ac018",
        "type": "github"
      },
      "original": {
        "owner": "ekala-project",
        "repo": "haskell-pkgs",
        "type": "github"
      }
    },
    "lib": {
      "locked": {
        "lastModified": 1783187452,
        "narHash": "sha256-aQVuGH8JDGmzKGbiRIYVx07C6UXdRxPRWxvPArpUXUo=",
        "owner": "ekala-project",
        "repo": "nix-lib",
        "rev": "9acd37c8934331a3e53a099f8755101bc2a149e2",
        "type": "github"
      },
      "original": {
        "owner": "ekala-project",
        "repo": "nix-lib",
        "type": "github"
      }
    },
    "nix-lib": {
      "locked": {
        "lastModified": 1783187452,
        "narHash": "sha256-aQVuGH8JDGmzKGbiRIYVx07C6UXdRxPRWxvPArpUXUo=",
        "owner": "ekala-project",
        "repo": "nix-lib",
        "rev": "9acd37c8934331a3e53a099f8755101bc2a149e2",
        "type": "github"
      },
      "original": {
        "owner": "ekala-project",
        "repo": "nix-lib",
        "type": "github"
      }
    },
    "nixpkgs": {
      "locked": {
        "lastModified": 1775036866,
        "narHash": "sha256-ZojAnPuCdy657PbTq5V0Y+AHKhZAIwSIT2cb8UgAz/U=",
        "owner": "NixOS",
        "repo": "nixpkgs",
        "rev": "6201e203d09599479a3b3450ed24fa81537ebc4e",
        "type": "github"
      },
      "original": {
        "owner": "NixOS",
        "ref": "nixos-unstable",
        "repo": "nixpkgs",
        "type": "github"
      }
    },
    "nixpkgs_2": {
      "locked": {
        "lastModified": 1761236834,
        "narHash": "sha256-+pthv6hrL5VLW2UqPdISGuLiUZ6SnAXdd2DdUE+fV2Q=",
        "owner": "nixos",
        "repo": "nixpkgs",
        "rev": "d5faa84122bc0a1fd5d378492efce4e289f8eac1",
        "type": "github"
      },
      "original": {
        "owner": "nixos",
        "ref": "nixpkgs-unstable",
        "repo": "nixpkgs",
        "type": "github"
      }
    },
    "python": {
      "flake": false,
      "locked": {
        "lastModified": 1785368749,
        "narHash": "sha256-stCyg9FAJ8nrFXpelM6VzxzSwxB/LKQ3wvMILOqs5UI=",
        "owner": "ekala-project",
        "repo": "python-pkgs",
        "rev": "d2835e7e589bb7048d6385545bcc0a9c2a72cf24",
        "type": "github"
      },
      "original": {
        "owner": "ekala-project",
        "repo": "python-pkgs",
        "type": "github"
      }
    },
    "r-pkgs": {
      "flake": false,
      "locked": {
        "lastModified": 1784398918,
        "narHash": "sha256-1Q61yB8SRuO+3AnVEvXbyGTsPNGrqtYUWMLowOIJjCA=",
        "owner": "ekala-project",
        "repo": "r-pkgs",
        "rev": "2e591f0daa5b3035499a167d4f4f1af58d7601a6",
        "type": "github"
      },
      "original": {
        "owner": "ekala-project",
        "repo": "r-pkgs",
        "type": "github"
      }
    },
    "root": {
      "inputs": {
        "corepkgs": "corepkgs",
        "cuda": "cuda",
        "haskell": "haskell",
        "nix-lib": "nix-lib",
        "python": "python",
        "r-pkgs": "r-pkgs",
        "systems": [
          "corepkgs",
          "systems"
        ]
      }
    },
    "systems": {
      "locked": {
        "lastModified": 1681028828,
        "narHash": "sha256-Vy1rq5AaRuLzOxct8nz4T6wlgyUR7zLU309k9mBC768=",
        "owner": "nix-systems",
        "repo": "default",
        "rev": "da67096a3b9bf56a91d16901293e51ba5b49a27e",
        "type": "github"
      },
      "original": {
        "owner": "nix-systems",
        "repo": "default",
        "type": "github"
      }
    },
    "treefmt-nix": {
      "inputs": {
        "nixpkgs": "nixpkgs_2"
      },
      "locked": {
        "lastModified": 1762938485,
        "narHash": "sha256-AlEObg0syDl+Spi4LsZIBrjw+snSVU4T8MOeuZJUJjM=",
        "owner": "numtide",
        "repo": "treefmt-nix",
        "rev": "5b4ee75aeefd1e2d5a1cc43cf6ba65eba75e83e4",
        "type": "github"
      },
      "original": {
        "owner": "numtide",
        "repo": "treefmt-nix",
        "type": "github"
      }
    }
  },
  "root": "root",
  "version": 7
}
